
Microsoft Visual Studio Solution File, Format Version 12.00
# Visual Studio Version 16
VisualStudioVersion = 16.0.29424.173
MinimumVisualStudioVersion = 10.0.40219.1
Project("{FAE04EC0-301F-11D3-BF4B-00C04F79EFBC}") = "MelhorAmigo.UWP", "MelhorAmigo\MelhorAmigo.UWP\MelhorAmigo.UWP.csproj", "{87883719-7E28-42F4-9D70-76686FACE82D}"
EndProject
Project("{FAE04EC0-301F-11D3-BF4B-00C04F79EFBC}") = "MelhorAmigo.Android", "MelhorAmigo\MelhorAmigo.Android\MelhorAmigo.Android.csproj", "{0AAD94CE-1FF5-4B76-BCB2-8C795E815F75}"
EndProject
Project("{FAE04EC0-301F-11D3-BF4B-00C04F79EFBC}") = "MelhorAmigo.iOS", "MelhorAmigo\MelhorAmigo.iOS\MelhorAmigo.iOS.csproj", "{4946A191-7370-4CAE-95A0-CACC20540A69}"
EndProject
Project("{FAE04EC0-301F-11D3-BF4B-00C04F79EFBC}") = "MelhorAmigo", "MelhorAmigo\MelhorAmigo\MelhorAmigo.csproj", "{3BD405CB-67D8-4907-AFBD-DE49B8E5130F}"
EndProject
Global
	GlobalSection(SolutionConfigurationPlatforms) = preSolution
		Debug|Any CPU = Debug|Any CPU
		Debug|ARM = Debug|ARM
		Debug|iPhone = Debug|iPhone
		Debug|iPhoneSimulator = Debug|iPhoneSimulator
		Debug|x64 = Debug|x64
		Debug|x86 = Debug|x86
		Release|Any CPU = Release|Any CPU
		Release|ARM = Release|ARM
		Release|iPhone = Release|iPhone
		Release|iPhoneSimulator = Release|iPhoneSimulator
		Release|x64 = Release|x64
		Release|x86 = Release|x86
	EndGlobalSection
	GlobalSection(ProjectConfigurationPlatforms) = postSolution
		{87883719-7E28-42F4-9D70-76686FACE82D}.Debug|Any CPU.ActiveCfg = Debug|x86
		{87883719-7E28-42F4-9D70-76686FACE82D}.Debug|Any CPU.Build.0 = Debug|x86
		{87883719-7E28-42F4-9D70-76686FACE82D}.Debug|Any CPU.Deploy.0 = Debug|x86
		{87883719-7E28-42F4-9D70-76686FACE82D}.Debug|ARM.ActiveCfg = Debug|ARM
		{87883719-7E28-42F4-9D70-76686FACE82D}.Debug|ARM.Build.0 = Debug|ARM
		{87883719-7E28-42F4-9D70-76686FACE82D}.Debug|ARM.Deploy.0 = Debug|ARM
		{87883719-7E28-42F4-9D70-76686FACE82D}.Debug|iPhone.ActiveCfg = Debug|x86
		{87883719-7E28-42F4-9D70-76686FACE82D}.Debug|iPhone.Build.0 = Debug|x86
		{87883719-7E28-42F4-9D70-76686FACE82D}.Debug|iPhone.Deploy.0 = Debug|x86
		{87883719-7E28-42F4-9D70-76686FACE82D}.Debug|iPhoneSimulator.ActiveCfg = Debug|x86
		{87883719-7E28-42F4-9D70-76686FACE82D}.Debug|iPhoneSimulator.Build.0 = Debug|x86
		{87883719-7E28-42F4-9D70-76686FACE82D}.Debug|iPhoneSimulator.Deploy.0 = Debug|x86
		{87883719-7E28-42F4-9D70-76686FACE82D}.Debug|x64.ActiveCfg = Debug|x64
		{87883719-7E28-42F4-9D70-76686FACE82D}.Debug|x64.Build.0 = Debug|x64
		{87883719-7E28-42F4-9D70-76686FACE82D}.Debug|x64.Deploy.0 = Debug|x64
		{87883719-7E28-42F4-9D70-76686FACE82D}.Debug|x86.ActiveCfg = Debug|x86
		{87883719-7E28-42F4-9D70-76686FACE82D}.Debug|x86.Build.0 = Debug|x86
		{87883719-7E28-42F4-9D70-76686FACE82D}.Debug|x86.Deploy.0 = Debug|x86
		{87883719-7E28-42F4-9D70-76686FACE82D}.Release|Any CPU.ActiveCfg = Release|x86
		{87883719-7E28-42F4-9D70-76686FACE82D}.Release|Any CPU.Build.0 = Release|x86
		{87883719-7E28-42F4-9D70-76686FACE82D}.Release|Any CPU.Deploy.0 = Release|x86
		{87883719-7E28-42F4-9D70-76686FACE82D}.Release|ARM.ActiveCfg = Release|ARM
		{87883719-7E28-42F4-9D70-76686FACE82D}.Release|ARM.Build.0 = Release|ARM
		{87883719-7E28-42F4-9D70-76686FACE82D}.Release|ARM.Deploy.0 = Release|ARM
		{87883719-7E28-42F4-9D70-76686FACE82D}.Release|iPhone.ActiveCfg = Release|x86
		{87883719-7E28-42F4-9D70-76686FACE82D}.Release|iPhone.Build.0 = Release|x86
		{87883719-7E28-42F4-9D70-76686FACE82D}.Release|iPhone.Deploy.0 = Release|x86
		{87883719-7E28-42F4-9D70-76686FACE82D}.Release|iPhoneSimulator.ActiveCfg = Release|x86
		{87883719-7E28-42F4-9D70-76686FACE82D}.Release|iPhoneSimulator.Build.0 = Release|x86
		{87883719-7E28-42F4-9D70-76686FACE82D}.Release|iPhoneSimulator.Deploy.0 = Release|x86
		{87883719-7E28-42F4-9D70-76686FACE82D}.Release|x64.ActiveCfg = Release|x64
		{87883719-7E28-42F4-9D70-76686FACE82D}.Release|x64.Build.0 = Release|x64
		{87883719-7E28-42F4-9D70-76686FACE82D}.Release|x64.Deploy.0 = Release|x64
		{87883719-7E28-42F4-9D70-76686FACE82D}.Release|x86.ActiveCfg = Release|x86
		{87883719-7E28-42F4-9D70-76686FACE82D}.Release|x86.Build.0 = Release|x86
		{87883719-7E28-42F4-9D70-76686FACE82D}.Release|x86.Deploy.0 = Release|x86
		{0AAD94CE-1FF5-4B76-BCB2-8C795E815F75}.Debug|Any CPU.ActiveCfg = Debug|Any CPU
		{0AAD94CE-1FF5-4B76-BCB2-8C795E815F75}.Debug|Any CPU.Build.0 = Debug|Any CPU
		{0AAD94CE-1FF5-4B76-BCB2-8C795E815F75}.Debug|Any CPU.Deploy.0 = Debug|Any CPU
		{0AAD94CE-1FF5-4B76-BCB2-8C795E815F75}.Debug|ARM.ActiveCfg = Debug|Any CPU
		{0AAD94CE-1FF5-4B76-BCB2-8C795E815F75}.Debug|ARM.Build.0 = Debug|Any CPU
		{0AAD94CE-1FF5-4B76-BCB2-8C795E815F75}.Debug|ARM.Deploy.0 = Debug|Any CPU
		{0AAD94CE-1FF5-4B76-BCB2-8C795E815F75}.Debug|iPhone.ActiveCfg = Debug|Any CPU
		{0AAD94CE-1FF5-4B76-BCB2-8C795E815F75}.Debug|iPhone.Build.0 = Debug|Any CPU
		{0AAD94CE-1FF5-4B76-BCB2-8C795E815F75}.Debug|iPhone.Deploy.0 = Debug|Any CPU
		{0AAD94CE-1FF5-4B76-BCB2-8C795E815F75}.Debug|iPhoneSimulator.ActiveCfg = Debug|Any CPU
		{0AAD94CE-1FF5-4B76-BCB2-8C795E815F75}.Debug|iPhoneSimulator.Build.0 = Debug|Any CPU
		{0AAD94CE-1FF5-4B76-BCB2-8C795E815F75}.Debug|iPhoneSimulator.Deploy.0 = Debug|Any CPU
		{0AAD94CE-1FF5-4B76-BCB2-8C795E815F75}.Debug|x64.ActiveCfg = Debug|Any CPU
		{0AAD94CE-1FF5-4B76-BCB2-8C795E815F75}.Debug|x64.Build.0 = Debug|Any CPU
		{0AAD94CE-1FF5-4B76-BCB2-8C795E815F75}.Debug|x64.Deploy.0 = Debug|Any CPU
		{0AAD94CE-1FF5-4B76-BCB2-8C795E815F75}.Debug|x86.ActiveCfg = Debug|Any CPU
		{0AAD94CE-1FF5-4B76-BCB2-8C795E815F75}.Debug|x86.Build.0 = Debug|Any CPU
		{0AAD94CE-1FF5-4B76-BCB2-8C795E815F75}.Debug|x86.Deploy.0 = Debug|Any CPU
		{0AAD94CE-1FF5-4B76-BCB2-8C795E815F75}.Release|Any CPU.ActiveCfg = Release|Any CPU
		{0AAD94CE-1FF5-4B76-BCB2-8C795E815F75}.Release|Any CPU.Build.0 = Release|Any CPU
		{0AAD94CE-1FF5-4B76-BCB2-8C795E815F75}.Release|Any CPU.Deploy.0 = Release|Any CPU
		{0AAD94CE-1FF5-4B76-BCB2-8C795E815F75}.Release|ARM.ActiveCfg = Release|Any CPU
		{0AAD94CE-1FF5-4B76-BCB2-8C795E815F75}.Release|ARM.Build.0 = Release|Any CPU
		{0AAD94CE-1FF5-4B76-BCB2-8C795E815F75}.Release|ARM.Deploy.0 = Release|Any CPU
		{0AAD94CE-1FF5-4B76-BCB2-8C795E815F75}.Release|iPhone.ActiveCfg = Release|Any CPU
		{0AAD94CE-1FF5-4B76-BCB2-8C795E815F75}.Release|iPhone.Build.0 = Release|Any CPU
		{0AAD94CE-1FF5-4B76-BCB2-8C795E815F75}.Release|iPhone.Deploy.0 = Release|Any CPU
		{0AAD94CE-1FF5-4B76-BCB2-8C795E815F75}.Release|iPhoneSimulator.ActiveCfg = Release|Any CPU
		{0AAD94CE-1FF5-4B76-BCB2-8C795E815F75}.Release|iPhoneSimulator.Build.0 = Release|Any CPU
		{0AAD94CE-1FF5-4B76-BCB2-8C795E815F75}.Release|iPhoneSimulator.Deploy.0 = Release|Any CPU
		{0AAD94CE-1FF5-4B76-BCB2-8C795E815F75}.Release|x64.ActiveCfg = Release|Any CPU
		{0AAD94CE-1FF5-4B76-BCB2-8C795E815F75}.Release|x64.Build.0 = Release|Any CPU
		{0AAD94CE-1FF5-4B76-BCB2-8C795E815F75}.Release|x64.Deploy.0 = Release|Any CPU
		{0AAD94CE-1FF5-4B76-BCB2-8C795E815F75}.Release|x86.ActiveCfg = Release|Any CPU
		{0AAD94CE-1FF5-4B76-BCB2-8C795E815F75}.Release|x86.Build.0 = Release|Any CPU
		{0AAD94CE-1FF5-4B76-BCB2-8C795E815F75}.Release|x86.Deploy.0 = Release|Any CPU
		{4946A191-7370-4CAE-95A0-CACC20540A69}.Debug|Any CPU.ActiveCfg = Debug|iPhone
		{4946A191-7370-4CAE-95A0-CACC20540A69}.Debug|Any CPU.Build.0 = Debug|iPhone
		{4946A191-7370-4CAE-95A0-CACC20540A69}.Debug|Any CPU.Deploy.0 = Debug|iPhone
		{4946A191-7370-4CAE-95A0-CACC20540A69}.Debug|ARM.ActiveCfg = Debug|iPhoneSimulator
		{4946A191-7370-4CAE-95A0-CACC20540A69}.Debug|ARM.Build.0 = Debug|iPhoneSimulator
		{4946A191-7370-4CAE-95A0-CACC20540A69}.Debug|ARM.Deploy.0 = Debug|iPhoneSimulator
		{4946A191-7370-4CAE-95A0-CACC20540A69}.Debug|iPhone.ActiveCfg = Debug|iPhone
		{4946A191-7370-4CAE-95A0-CACC20540A69}.Debug|iPhone.Build.0 = Debug|iPhone
		{4946A191-7370-4CAE-95A0-CACC20540A69}.Debug|iPhone.Deploy.0 = Debug|iPhone
		{4946A191-7370-4CAE-95A0-CACC20540A69}.Debug|iPhoneSimulator.ActiveCfg = Debug|iPhoneSimulator
		{4946A191-7370-4CAE-95A0-CACC20540A69}.Debug|iPhoneSimulator.Build.0 = Debug|iPhoneSimulator
		{4946A191-7370-4CAE-95A0-CACC20540A69}.Debug|iPhoneSimulator.Deploy.0 = Debug|iPhoneSimulator
		{4946A191-7370-4CAE-95A0-CACC20540A69}.Debug|x64.ActiveCfg = Debug|iPhone
		{4946A191-7370-4CAE-95A0-CACC20540A69}.Debug|x64.Build.0 = Debug|iPhone
		{4946A191-7370-4CAE-95A0-CACC20540A69}.Debug|x64.Deploy.0 = Debug|iPhone
		{4946A191-7370-4CAE-95A0-CACC20540A69}.Debug|x86.ActiveCfg = Debug|iPhone
		{4946A191-7370-4CAE-95A0-CACC20540A69}.Debug|x86.Build.0 = Debug|iPhone
		{4946A191-7370-4CAE-95A0-CACC20540A69}.Debug|x86.Deploy.0 = Debug|iPhone
		{4946A191-7370-4CAE-95A0-CACC20540A69}.Release|Any CPU.ActiveCfg = Release|iPhone
		{4946A191-7370-4CAE-95A0-CACC20540A69}.Release|Any CPU.Build.0 = Release|iPhone
		{4946A191-7370-4CAE-95A0-CACC20540A69}.Release|Any CPU.Deploy.0 = Release|iPhone
		{4946A191-7370-4CAE-95A0-CACC20540A69}.Release|ARM.ActiveCfg = Release|iPhone
		{4946A191-7370-4CAE-95A0-CACC20540A69}.Release|ARM.Build.0 = Release|iPhone
		{4946A191-7370-4CAE-95A0-CACC20540A69}.Release|ARM.Deploy.0 = Release|iPhone
		{4946A191-7370-4CAE-95A0-CACC20540A69}.Release|iPhone.ActiveCfg = Release|iPhone
		{4946A191-7370-4CAE-95A0-CACC20540A69}.Release|iPhone.Build.0 = Release|iPhone
		{4946A191-7370-4CAE-95A0-CACC20540A69}.Release|iPhone.Deploy.0 = Release|iPhone
		{4946A191-7370-4CAE-95A0-CACC20540A69}.Release|iPhoneSimulator.ActiveCfg = Release|iPhoneSimulator
		{4946A191-7370-4CAE-95A0-CACC20540A69}.Release|iPhoneSimulator.Build.0 = Release|iPhoneSimulator
		{4946A191-7370-4CAE-95A0-CACC20540A69}.Release|iPhoneSimulator.Deploy.0 = Release|iPhoneSimulator
		{4946A191-7370-4CAE-95A0-CACC20540A69}.Release|x64.ActiveCfg = Release|iPhone
		{4946A191-7370-4CAE-95A0-CACC20540A69}.Release|x64.Build.0 = Release|iPhone
		{4946A191-7370-4CAE-95A0-CACC20540A69}.Release|x64.Deploy.0 = Release|iPhone
		{4946A191-7370-4CAE-95A0-CACC20540A69}.Release|x86.ActiveCfg = Release|iPhone
		{4946A191-7370-4CAE-95A0-CACC20540A69}.Release|x86.Build.0 = Release|iPhone
		{4946A191-7370-4CAE-95A0-CACC20540A69}.Release|x86.Deploy.0 = Release|iPhone
		{3BD405CB-67D8-4907-AFBD-DE49B8E5130F}.Debug|Any CPU.ActiveCfg = Debug|Any CPU
		{3BD405CB-67D8-4907-AFBD-DE49B8E5130F}.Debug|Any CPU.Build.0 = Debug|Any CPU
		{3BD405CB-67D8-4907-AFBD-DE49B8E5130F}.Debug|Any CPU.Deploy.0 = Debug|Any CPU
		{3BD405CB-67D8-4907-AFBD-DE49B8E5130F}.Debug|ARM.ActiveCfg = Debug|Any CPU
		{3BD405CB-67D8-4907-AFBD-DE49B8E5130F}.Debug|ARM.Build.0 = Debug|Any CPU
		{3BD405CB-67D8-4907-AFBD-DE49B8E5130F}.Debug|ARM.Deploy.0 = Debug|Any CPU
		{3BD405CB-67D8-4907-AFBD-DE49B8E5130F}.Debug|iPhone.ActiveCfg = Debug|Any CPU
		{3BD405CB-67D8-4907-AFBD-DE49B8E5130F}.Debug|iPhone.Build.0 = Debug|Any CPU
		{3BD405CB-67D8-4907-AFBD-DE49B8E5130F}.Debug|iPhone.Deploy.0 = Debug|Any CPU
		{3BD405CB-67D8-4907-AFBD-DE49B8E5130F}.Debug|iPhoneSimulator.ActiveCfg = Debug|Any CPU
		{3BD405CB-67D8-4907-AFBD-DE49B8E5130F}.Debug|iPhoneSimulator.Build.0 = Debug|Any CPU
		{3BD405CB-67D8-4907-AFBD-DE49B8E5130F}.Debug|iPhoneSimulator.Deploy.0 = Debug|Any CPU
		{3BD405CB-67D8-4907-AFBD-DE49B8E5130F}.Debug|x64.ActiveCfg = Debug|Any CPU
		{3BD405CB-67D8-4907-AFBD-DE49B8E5130F}.Debug|x64.Build.0 = Debug|Any CPU
		{3BD405CB-67D8-4907-AFBD-DE49B8E5130F}.Debug|x64.Deploy.0 = Debug|Any CPU
		{3BD405CB-67D8-4907-AFBD-DE49B8E5130F}.Debug|x86.ActiveCfg = Debug|Any CPU
		{3BD405CB-67D8-4907-AFBD-DE49B8E5130F}.Debug|x86.Build.0 = Debug|Any CPU
		{3BD405CB-67D8-4907-AFBD-DE49B8E5130F}.Debug|x86.Deploy.0 = Debug|Any CPU
		{3BD405CB-67D8-4907-AFBD-DE49B8E5130F}.Release|Any CPU.ActiveCfg = Release|Any CPU
		{3BD405CB-67D8-4907-AFBD-DE49B8E5130F}.Release|Any CPU.Build.0 = Release|Any CPU
		{3BD405CB-67D8-4907-AFBD-DE49B8E5130F}.Release|Any CPU.Deploy.0 = Release|Any CPU
		{3BD405CB-67D8-4907-AFBD-DE49B8E5130F}.Release|ARM.ActiveCfg = Release|Any CPU
		{3BD405CB-67D8-4907-AFBD-DE49B8E5130F}.Release|ARM.Build.0 = Release|Any CPU
		{3BD405CB-67D8-4907-AFBD-DE49B8E5130F}.Release|ARM.Deploy.0 = Release|Any CPU
		{3BD405CB-67D8-4907-AFBD-DE49B8E5130F}.Release|iPhone.ActiveCfg = Release|Any CPU
		{3BD405CB-67D8-4907-AFBD-DE49B8E5130F}.Release|iPhone.Build.0 = Release|Any CPU
		{3BD405CB-67D8-4907-AFBD-DE49B8E5130F}.Release|iPhone.Deploy.0 = Release|Any CPU
		{3BD405CB-67D8-4907-AFBD-DE49B8E5130F}.Release|iPhoneSimulator.ActiveCfg = Release|Any CPU
		{3BD405CB-67D8-4907-AFBD-DE49B8E5130F}.Release|iPhoneSimulator.Build.0 = Release|Any CPU
		{3BD405CB-67D8-4907-AFBD-DE49B8E5130F}.Release|iPhoneSimulator.Deploy.0 = Release|Any CPU
		{3BD405CB-67D8-4907-AFBD-DE49B8E5130F}.Release|x64.ActiveCfg = Release|Any CPU
		{3BD405CB-67D8-4907-AFBD-DE49B8E5130F}.Release|x64.Build.0 = Release|Any CPU
		{3BD405CB-67D8-4907-AFBD-DE49B8E5130F}.Release|x64.Deploy.0 = Release|Any CPU
		{3BD405CB-67D8-4907-AFBD-DE49B8E5130F}.Release|x86.ActiveCfg = Release|Any CPU
		{3BD405CB-67D8-4907-AFBD-DE49B8E5130F}.Release|x86.Build.0 = Release|Any CPU
		{3BD405CB-67D8-4907-AFBD-DE49B8E5130F}.Release|x86.Deploy.0 = Release|Any CPU
	EndGlobalSection
	GlobalSection(SolutionProperties) = preSolution
		HideSolutionNode = FALSE
	EndGlobalSection
	GlobalSection(ExtensibilityGlobals) = postSolution
		SolutionGuid = {63F665A7-4E9C-402A-AF24-FEBF7125411C}
	EndGlobalSection
EndGlobal
